
Microsoft Visual Studio Solution File, Format Version 12.00
# Visual Studio 15
VisualStudioVersion = 15.0.26403.7
MinimumVisualStudioVersion = 10.0.40219.1
Project("{FAE04EC0-301F-11D3-BF4B-00C04F79EFBC}") = "AppFormsRLSystem.Android", "AppFormsRLSystem\AppFormsRLSystem.Android\AppFormsRLSystem.Android.csproj", "{0D571A6A-51ED-4BAF-AA8B-EA69DB1920DB}"
EndProject
Project("{FAE04EC0-301F-11D3-BF4B-00C04F79EFBC}") = "AppFormsRLSystem", "AppFormsRLSystem\AppFormsRLSystem\AppFormsRLSystem.csproj", "{FDC7B4B3-1957-4BCC-846C-138E6DF0EEE9}"
EndProject
Project("{FAE04EC0-301F-11D3-BF4B-00C04F79EFBC}") = "AppFormsRLSystem.UWP", "AppFormsRLSystem\AppFormsRLSystem.UWP\AppFormsRLSystem.UWP.csproj", "{89360EAF-5A98-44A9-9549-11A2AF47262D}"
EndProject
Project("{FAE04EC0-301F-11D3-BF4B-00C04F79EFBC}") = "AppFormsRLSystem.iOS", "AppFormsRLSystem\AppFormsRLSystem.iOS\AppFormsRLSystem.iOS.csproj", "{7CB63AAE-95B0-4826-8AB8-E6722EFF13D7}"
EndProject
Global
	GlobalSection(SolutionConfigurationPlatforms) = preSolution
		Ad-Hoc|Any CPU = Ad-Hoc|Any CPU
		Ad-Hoc|ARM = Ad-Hoc|ARM
		Ad-Hoc|iPhone = Ad-Hoc|iPhone
		Ad-Hoc|iPhoneSimulator = Ad-Hoc|iPhoneSimulator
		Ad-Hoc|x64 = Ad-Hoc|x64
		Ad-Hoc|x86 = Ad-Hoc|x86
		AppStore|Any CPU = AppStore|Any CPU
		AppStore|ARM = AppStore|ARM
		AppStore|iPhone = AppStore|iPhone
		AppStore|iPhoneSimulator = AppStore|iPhoneSimulator
		AppStore|x64 = AppStore|x64
		AppStore|x86 = AppStore|x86
		Debug|Any CPU = Debug|Any CPU
		Debug|ARM = Debug|ARM
		Debug|iPhone = Debug|iPhone
		Debug|iPhoneSimulator = Debug|iPhoneSimulator
		Debug|x64 = Debug|x64
		Debug|x86 = Debug|x86
		Release|Any CPU = Release|Any CPU
		Release|ARM = Release|ARM
		Release|iPhone = Release|iPhone
		Release|iPhoneSimulator = Release|iPhoneSimulator
		Release|x64 = Release|x64
		Release|x86 = Release|x86
	EndGlobalSection
	GlobalSection(ProjectConfigurationPlatforms) = postSolution
		{0D571A6A-51ED-4BAF-AA8B-EA69DB1920DB}.Ad-Hoc|Any CPU.ActiveCfg = Release|Any CPU
		{0D571A6A-51ED-4BAF-AA8B-EA69DB1920DB}.Ad-Hoc|Any CPU.Build.0 = Release|Any CPU
		{0D571A6A-51ED-4BAF-AA8B-EA69DB1920DB}.Ad-Hoc|Any CPU.Deploy.0 = Release|Any CPU
		{0D571A6A-51ED-4BAF-AA8B-EA69DB1920DB}.Ad-Hoc|ARM.ActiveCfg = Release|Any CPU
		{0D571A6A-51ED-4BAF-AA8B-EA69DB1920DB}.Ad-Hoc|ARM.Build.0 = Release|Any CPU
		{0D571A6A-51ED-4BAF-AA8B-EA69DB1920DB}.Ad-Hoc|ARM.Deploy.0 = Release|Any CPU
		{0D571A6A-51ED-4BAF-AA8B-EA69DB1920DB}.Ad-Hoc|iPhone.ActiveCfg = Release|Any CPU
		{0D571A6A-51ED-4BAF-AA8B-EA69DB1920DB}.Ad-Hoc|iPhone.Build.0 = Release|Any CPU
		{0D571A6A-51ED-4BAF-AA8B-EA69DB1920DB}.Ad-Hoc|iPhone.Deploy.0 = Release|Any CPU
		{0D571A6A-51ED-4BAF-AA8B-EA69DB1920DB}.Ad-Hoc|iPhoneSimulator.ActiveCfg = Release|Any CPU
		{0D571A6A-51ED-4BAF-AA8B-EA69DB1920DB}.Ad-Hoc|iPhoneSimulator.Build.0 = Release|Any CPU
		{0D571A6A-51ED-4BAF-AA8B-EA69DB1920DB}.Ad-Hoc|iPhoneSimulator.Deploy.0 = Release|Any CPU
		{0D571A6A-51ED-4BAF-AA8B-EA69DB1920DB}.Ad-Hoc|x64.ActiveCfg = Release|Any CPU
		{0D571A6A-51ED-4BAF-AA8B-EA69DB1920DB}.Ad-Hoc|x64.Build.0 = Release|Any CPU
		{0D571A6A-51ED-4BAF-AA8B-EA69DB1920DB}.Ad-Hoc|x64.Deploy.0 = Release|Any CPU
		{0D571A6A-51ED-4BAF-AA8B-EA69DB1920DB}.Ad-Hoc|x86.ActiveCfg = Release|Any CPU
		{0D571A6A-51ED-4BAF-AA8B-EA69DB1920DB}.Ad-Hoc|x86.Build.0 = Release|Any CPU
		{0D571A6A-51ED-4BAF-AA8B-EA69DB1920DB}.Ad-Hoc|x86.Deploy.0 = Release|Any CPU
		{0D571A6A-51ED-4BAF-AA8B-EA69DB1920DB}.AppStore|Any CPU.ActiveCfg = Release|Any CPU
		{0D571A6A-51ED-4BAF-AA8B-EA69DB1920DB}.AppStore|Any CPU.Build.0 = Release|Any CPU
		{0D571A6A-51ED-4BAF-AA8B-EA69DB1920DB}.AppStore|Any CPU.Deploy.0 = Release|Any CPU
		{0D571A6A-51ED-4BAF-AA8B-EA69DB1920DB}.AppStore|ARM.ActiveCfg = Release|Any CPU
		{0D571A6A-51ED-4BAF-AA8B-EA69DB1920DB}.AppStore|ARM.Build.0 = Release|Any CPU
		{0D571A6A-51ED-4BAF-AA8B-EA69DB1920DB}.AppStore|ARM.Deploy.0 = Release|Any CPU
		{0D571A6A-51ED-4BAF-AA8B-EA69DB1920DB}.AppStore|iPhone.ActiveCfg = Release|Any CPU
		{0D571A6A-51ED-4BAF-AA8B-EA69DB1920DB}.AppStore|iPhone.Build.0 = Release|Any CPU
		{0D571A6A-51ED-4BAF-AA8B-EA69DB1920DB}.AppStore|iPhone.Deploy.0 = Release|Any CPU
		{0D571A6A-51ED-4BAF-AA8B-EA69DB1920DB}.AppStore|iPhoneSimulator.ActiveCfg = Release|Any CPU
		{0D571A6A-51ED-4BAF-AA8B-EA69DB1920DB}.AppStore|iPhoneSimulator.Build.0 = Release|Any CPU
		{0D571A6A-51ED-4BAF-AA8B-EA69DB1920DB}.AppStore|iPhoneSimulator.Deploy.0 = Release|Any CPU
		{0D571A6A-51ED-4BAF-AA8B-EA69DB1920DB}.AppStore|x64.ActiveCfg = Release|Any CPU
		{0D571A6A-51ED-4BAF-AA8B-EA69DB1920DB}.AppStore|x64.Build.0 = Release|Any CPU
		{0D571A6A-51ED-4BAF-AA8B-EA69DB1920DB}.AppStore|x64.Deploy.0 = Release|Any CPU
		{0D571A6A-51ED-4BAF-AA8B-EA69DB1920DB}.AppStore|x86.ActiveCfg = Release|Any CPU
		{0D571A6A-51ED-4BAF-AA8B-EA69DB1920DB}.AppStore|x86.Build.0 = Release|Any CPU
		{0D571A6A-51ED-4BAF-AA8B-EA69DB1920DB}.AppStore|x86.Deploy.0 = Release|Any CPU
		{0D571A6A-51ED-4BAF-AA8B-EA69DB1920DB}.Debug|Any CPU.ActiveCfg = Debug|Any CPU
		{0D571A6A-51ED-4BAF-AA8B-EA69DB1920DB}.Debug|Any CPU.Build.0 = Debug|Any CPU
		{0D571A6A-51ED-4BAF-AA8B-EA69DB1920DB}.Debug|Any CPU.Deploy.0 = Debug|Any CPU
		{0D571A6A-51ED-4BAF-AA8B-EA69DB1920DB}.Debug|ARM.ActiveCfg = Debug|Any CPU
		{0D571A6A-51ED-4BAF-AA8B-EA69DB1920DB}.Debug|ARM.Build.0 = Debug|Any CPU
		{0D571A6A-51ED-4BAF-AA8B-EA69DB1920DB}.Debug|ARM.Deploy.0 = Debug|Any CPU
		{0D571A6A-51ED-4BAF-AA8B-EA69DB1920DB}.Debug|iPhone.ActiveCfg = Debug|Any CPU
		{0D571A6A-51ED-4BAF-AA8B-EA69DB1920DB}.Debug|iPhone.Build.0 = Debug|Any CPU
		{0D571A6A-51ED-4BAF-AA8B-EA69DB1920DB}.Debug|iPhone.Deploy.0 = Debug|Any CPU
		{0D571A6A-51ED-4BAF-AA8B-EA69DB1920DB}.Debug|iPhoneSimulator.ActiveCfg = Debug|Any CPU
		{0D571A6A-51ED-4BAF-AA8B-EA69DB1920DB}.Debug|iPhoneSimulator.Build.0 = Debug|Any CPU
		{0D571A6A-51ED-4BAF-AA8B-EA69DB1920DB}.Debug|iPhoneSimulator.Deploy.0 = Debug|Any CPU
		{0D571A6A-51ED-4BAF-AA8B-EA69DB1920DB}.Debug|x64.ActiveCfg = Debug|Any CPU
		{0D571A6A-51ED-4BAF-AA8B-EA69DB1920DB}.Debug|x64.Build.0 = Debug|Any CPU
		{0D571A6A-51ED-4BAF-AA8B-EA69DB1920DB}.Debug|x64.Deploy.0 = Debug|Any CPU
		{0D571A6A-51ED-4BAF-AA8B-EA69DB1920DB}.Debug|x86.ActiveCfg = Debug|Any CPU
		{0D571A6A-51ED-4BAF-AA8B-EA69DB1920DB}.Debug|x86.Build.0 = Debug|Any CPU
		{0D571A6A-51ED-4BAF-AA8B-EA69DB1920DB}.Debug|x86.Deploy.0 = Debug|Any CPU
		{0D571A6A-51ED-4BAF-AA8B-EA69DB1920DB}.Release|Any CPU.ActiveCfg = Release|Any CPU
		{0D571A6A-51ED-4BAF-AA8B-EA69DB1920DB}.Release|Any CPU.Build.0 = Release|Any CPU
		{0D571A6A-51ED-4BAF-AA8B-EA69DB1920DB}.Release|Any CPU.Deploy.0 = Release|Any CPU
		{0D571A6A-51ED-4BAF-AA8B-EA69DB1920DB}.Release|ARM.ActiveCfg = Release|Any CPU
		{0D571A6A-51ED-4BAF-AA8B-EA69DB1920DB}.Release|ARM.Build.0 = Release|Any CPU
		{0D571A6A-51ED-4BAF-AA8B-EA69DB1920DB}.Release|ARM.Deploy.0 = Release|Any CPU
		{0D571A6A-51ED-4BAF-AA8B-EA69DB1920DB}.Release|iPhone.ActiveCfg = Release|Any CPU
		{0D571A6A-51ED-4BAF-AA8B-EA69DB1920DB}.Release|iPhone.Build.0 = Release|Any CPU
		{0D571A6A-51ED-4BAF-AA8B-EA69DB1920DB}.Release|iPhone.Deploy.0 = Release|Any CPU
		{0D571A6A-51ED-4BAF-AA8B-EA69DB1920DB}.Release|iPhoneSimulator.ActiveCfg = Release|Any CPU
		{0D571A6A-51ED-4BAF-AA8B-EA69DB1920DB}.Release|iPhoneSimulator.Build.0 = Release|Any CPU
		{0D571A6A-51ED-4BAF-AA8B-EA69DB1920DB}.Release|iPhoneSimulator.Deploy.0 = Release|Any CPU
		{0D571A6A-51ED-4BAF-AA8B-EA69DB1920DB}.Release|x64.ActiveCfg = Release|Any CPU
		{0D571A6A-51ED-4BAF-AA8B-EA69DB1920DB}.Release|x64.Build.0 = Release|Any CPU
		{0D571A6A-51ED-4BAF-AA8B-EA69DB1920DB}.Release|x64.Deploy.0 = Release|Any CPU
		{0D571A6A-51ED-4BAF-AA8B-EA69DB1920DB}.Release|x86.ActiveCfg = Release|Any CPU
		{0D571A6A-51ED-4BAF-AA8B-EA69DB1920DB}.Release|x86.Build.0 = Release|Any CPU
		{0D571A6A-51ED-4BAF-AA8B-EA69DB1920DB}.Release|x86.Deploy.0 = Release|Any CPU
		{FDC7B4B3-1957-4BCC-846C-138E6DF0EEE9}.Ad-Hoc|Any CPU.ActiveCfg = Release|Any CPU
		{FDC7B4B3-1957-4BCC-846C-138E6DF0EEE9}.Ad-Hoc|Any CPU.Build.0 = Release|Any CPU
		{FDC7B4B3-1957-4BCC-846C-138E6DF0EEE9}.Ad-Hoc|ARM.ActiveCfg = Release|Any CPU
		{FDC7B4B3-1957-4BCC-846C-138E6DF0EEE9}.Ad-Hoc|ARM.Build.0 = Release|Any CPU
		{FDC7B4B3-1957-4BCC-846C-138E6DF0EEE9}.Ad-Hoc|iPhone.ActiveCfg = Release|Any CPU
		{FDC7B4B3-1957-4BCC-846C-138E6DF0EEE9}.Ad-Hoc|iPhone.Build.0 = Release|Any CPU
		{FDC7B4B3-1957-4BCC-846C-138E6DF0EEE9}.Ad-Hoc|iPhoneSimulator.ActiveCfg = Release|Any CPU
		{FDC7B4B3-1957-4BCC-846C-138E6DF0EEE9}.Ad-Hoc|iPhoneSimulator.Build.0 = Release|Any CPU
		{FDC7B4B3-1957-4BCC-846C-138E6DF0EEE9}.Ad-Hoc|x64.ActiveCfg = Release|Any CPU
		{FDC7B4B3-1957-4BCC-846C-138E6DF0EEE9}.Ad-Hoc|x64.Build.0 = Release|Any CPU
		{FDC7B4B3-1957-4BCC-846C-138E6DF0EEE9}.Ad-Hoc|x86.ActiveCfg = Release|Any CPU
		{FDC7B4B3-1957-4BCC-846C-138E6DF0EEE9}.Ad-Hoc|x86.Build.0 = Release|Any CPU
		{FDC7B4B3-1957-4BCC-846C-138E6DF0EEE9}.AppStore|Any CPU.ActiveCfg = Release|Any CPU
		{FDC7B4B3-1957-4BCC-846C-138E6DF0EEE9}.AppStore|Any CPU.Build.0 = Release|Any CPU
		{FDC7B4B3-1957-4BCC-846C-138E6DF0EEE9}.AppStore|ARM.ActiveCfg = Release|Any CPU
		{FDC7B4B3-1957-4BCC-846C-138E6DF0EEE9}.AppStore|ARM.Build.0 = Release|Any CPU
		{FDC7B4B3-1957-4BCC-846C-138E6DF0EEE9}.AppStore|iPhone.ActiveCfg = Release|Any CPU
		{FDC7B4B3-1957-4BCC-846C-138E6DF0EEE9}.AppStore|iPhone.Build.0 = Release|Any CPU
		{FDC7B4B3-1957-4BCC-846C-138E6DF0EEE9}.AppStore|iPhoneSimulator.ActiveCfg = Release|Any CPU
		{FDC7B4B3-1957-4BCC-846C-138E6DF0EEE9}.AppStore|iPhoneSimulator.Build.0 = Release|Any CPU
		{FDC7B4B3-1957-4BCC-846C-138E6DF0EEE9}.AppStore|x64.ActiveCfg = Release|Any CPU
		{FDC7B4B3-1957-4BCC-846C-138E6DF0EEE9}.AppStore|x64.Build.0 = Release|Any CPU
		{FDC7B4B3-1957-4BCC-846C-138E6DF0EEE9}.AppStore|x86.ActiveCfg = Release|Any CPU
		{FDC7B4B3-1957-4BCC-846C-138E6DF0EEE9}.AppStore|x86.Build.0 = Release|Any CPU
		{FDC7B4B3-1957-4BCC-846C-138E6DF0EEE9}.Debug|Any CPU.ActiveCfg = Debug|Any CPU
		{FDC7B4B3-1957-4BCC-846C-138E6DF0EEE9}.Debug|Any CPU.Build.0 = Debug|Any CPU
		{FDC7B4B3-1957-4BCC-846C-138E6DF0EEE9}.Debug|ARM.ActiveCfg = Debug|Any CPU
		{FDC7B4B3-1957-4BCC-846C-138E6DF0EEE9}.Debug|ARM.Build.0 = Debug|Any CPU
		{FDC7B4B3-1957-4BCC-846C-138E6DF0EEE9}.Debug|iPhone.ActiveCfg = Debug|Any CPU
		{FDC7B4B3-1957-4BCC-846C-138E6DF0EEE9}.Debug|iPhone.Build.0 = Debug|Any CPU
		{FDC7B4B3-1957-4BCC-846C-138E6DF0EEE9}.Debug|iPhoneSimulator.ActiveCfg = Debug|Any CPU
		{FDC7B4B3-1957-4BCC-846C-138E6DF0EEE9}.Debug|iPhoneSimulator.Build.0 = Debug|Any CPU
		{FDC7B4B3-1957-4BCC-846C-138E6DF0EEE9}.Debug|x64.ActiveCfg = Debug|Any CPU
		{FDC7B4B3-1957-4BCC-846C-138E6DF0EEE9}.Debug|x64.Build.0 = Debug|Any CPU
		{FDC7B4B3-1957-4BCC-846C-138E6DF0EEE9}.Debug|x86.ActiveCfg = Debug|Any CPU
		{FDC7B4B3-1957-4BCC-846C-138E6DF0EEE9}.Debug|x86.Build.0 = Debug|Any CPU
		{FDC7B4B3-1957-4BCC-846C-138E6DF0EEE9}.Release|Any CPU.ActiveCfg = Release|Any CPU
		{FDC7B4B3-1957-4BCC-846C-138E6DF0EEE9}.Release|Any CPU.Build.0 = Release|Any CPU
		{FDC7B4B3-1957-4BCC-846C-138E6DF0EEE9}.Release|ARM.ActiveCfg = Release|Any CPU
		{FDC7B4B3-1957-4BCC-846C-138E6DF0EEE9}.Release|ARM.Build.0 = Release|Any CPU
		{FDC7B4B3-1957-4BCC-846C-138E6DF0EEE9}.Release|iPhone.ActiveCfg = Release|Any CPU
		{FDC7B4B3-1957-4BCC-846C-138E6DF0EEE9}.Release|iPhone.Build.0 = Release|Any CPU
		{FDC7B4B3-1957-4BCC-846C-138E6DF0EEE9}.Release|iPhoneSimulator.ActiveCfg = Release|Any CPU
		{FDC7B4B3-1957-4BCC-846C-138E6DF0EEE9}.Release|iPhoneSimulator.Build.0 = Release|Any CPU
		{FDC7B4B3-1957-4BCC-846C-138E6DF0EEE9}.Release|x64.ActiveCfg = Release|Any CPU
		{FDC7B4B3-1957-4BCC-846C-138E6DF0EEE9}.Release|x64.Build.0 = Release|Any CPU
		{FDC7B4B3-1957-4BCC-846C-138E6DF0EEE9}.Release|x86.ActiveCfg = Release|Any CPU
		{FDC7B4B3-1957-4BCC-846C-138E6DF0EEE9}.Release|x86.Build.0 = Release|Any CPU
		{89360EAF-5A98-44A9-9549-11A2AF47262D}.Ad-Hoc|Any CPU.ActiveCfg = Release|x86
		{89360EAF-5A98-44A9-9549-11A2AF47262D}.Ad-Hoc|Any CPU.Build.0 = Release|x86
		{89360EAF-5A98-44A9-9549-11A2AF47262D}.Ad-Hoc|Any CPU.Deploy.0 = Release|x86
		{89360EAF-5A98-44A9-9549-11A2AF47262D}.Ad-Hoc|ARM.ActiveCfg = Release|ARM
		{89360EAF-5A98-44A9-9549-11A2AF47262D}.Ad-Hoc|ARM.Build.0 = Release|ARM
		{89360EAF-5A98-44A9-9549-11A2AF47262D}.Ad-Hoc|ARM.Deploy.0 = Release|ARM
		{89360EAF-5A98-44A9-9549-11A2AF47262D}.Ad-Hoc|iPhone.ActiveCfg = Release|x86
		{89360EAF-5A98-44A9-9549-11A2AF47262D}.Ad-Hoc|iPhone.Build.0 = Release|x86
		{89360EAF-5A98-44A9-9549-11A2AF47262D}.Ad-Hoc|iPhone.Deploy.0 = Release|x86
		{89360EAF-5A98-44A9-9549-11A2AF47262D}.Ad-Hoc|iPhoneSimulator.ActiveCfg = Release|x86
		{89360EAF-5A98-44A9-9549-11A2AF47262D}.Ad-Hoc|iPhoneSimulator.Build.0 = Release|x86
		{89360EAF-5A98-44A9-9549-11A2AF47262D}.Ad-Hoc|iPhoneSimulator.Deploy.0 = Release|x86
		{89360EAF-5A98-44A9-9549-11A2AF47262D}.Ad-Hoc|x64.ActiveCfg = Release|x64
		{89360EAF-5A98-44A9-9549-11A2AF47262D}.Ad-Hoc|x64.Build.0 = Release|x64
		{89360EAF-5A98-44A9-9549-11A2AF47262D}.Ad-Hoc|x64.Deploy.0 = Release|x64
		{89360EAF-5A98-44A9-9549-11A2AF47262D}.Ad-Hoc|x86.ActiveCfg = Release|x86
		{89360EAF-5A98-44A9-9549-11A2AF47262D}.Ad-Hoc|x86.Build.0 = Release|x86
		{89360EAF-5A98-44A9-9549-11A2AF47262D}.Ad-Hoc|x86.Deploy.0 = Release|x86
		{89360EAF-5A98-44A9-9549-11A2AF47262D}.AppStore|Any CPU.ActiveCfg = Release|x86
		{89360EAF-5A98-44A9-9549-11A2AF47262D}.AppStore|Any CPU.Build.0 = Release|x86
		{89360EAF-5A98-44A9-9549-11A2AF47262D}.AppStore|Any CPU.Deploy.0 = Release|x86
		{89360EAF-5A98-44A9-9549-11A2AF47262D}.AppStore|ARM.ActiveCfg = Release|ARM
		{89360EAF-5A98-44A9-9549-11A2AF47262D}.AppStore|ARM.Build.0 = Release|ARM
		{89360EAF-5A98-44A9-9549-11A2AF47262D}.AppStore|ARM.Deploy.0 = Release|ARM
		{89360EAF-5A98-44A9-9549-11A2AF47262D}.AppStore|iPhone.ActiveCfg = Release|x86
		{89360EAF-5A98-44A9-9549-11A2AF47262D}.AppStore|iPhone.Build.0 = Release|x86
		{89360EAF-5A98-44A9-9549-11A2AF47262D}.AppStore|iPhone.Deploy.0 = Release|x86
		{89360EAF-5A98-44A9-9549-11A2AF47262D}.AppStore|iPhoneSimulator.ActiveCfg = Release|x86
		{89360EAF-5A98-44A9-9549-11A2AF47262D}.AppStore|iPhoneSimulator.Build.0 = Release|x86
		{89360EAF-5A98-44A9-9549-11A2AF47262D}.AppStore|iPhoneSimulator.Deploy.0 = Release|x86
		{89360EAF-5A98-44A9-9549-11A2AF47262D}.AppStore|x64.ActiveCfg = Release|x64
		{89360EAF-5A98-44A9-9549-11A2AF47262D}.AppStore|x64.Build.0 = Release|x64
		{89360EAF-5A98-44A9-9549-11A2AF47262D}.AppStore|x64.Deploy.0 = Release|x64
		{89360EAF-5A98-44A9-9549-11A2AF47262D}.AppStore|x86.ActiveCfg = Release|x86
		{89360EAF-5A98-44A9-9549-11A2AF47262D}.AppStore|x86.Build.0 = Release|x86
		{89360EAF-5A98-44A9-9549-11A2AF47262D}.AppStore|x86.Deploy.0 = Release|x86
		{89360EAF-5A98-44A9-9549-11A2AF47262D}.Debug|Any CPU.ActiveCfg = Debug|x86
		{89360EAF-5A98-44A9-9549-11A2AF47262D}.Debug|ARM.ActiveCfg = Debug|ARM
		{89360EAF-5A98-44A9-9549-11A2AF47262D}.Debug|ARM.Build.0 = Debug|ARM
		{89360EAF-5A98-44A9-9549-11A2AF47262D}.Debug|ARM.Deploy.0 = Debug|ARM
		{89360EAF-5A98-44A9-9549-11A2AF47262D}.Debug|iPhone.ActiveCfg = Debug|x86
		{89360EAF-5A98-44A9-9549-11A2AF47262D}.Debug|iPhoneSimulator.ActiveCfg = Debug|x86
		{89360EAF-5A98-44A9-9549-11A2AF47262D}.Debug|x64.ActiveCfg = Debug|x64
		{89360EAF-5A98-44A9-9549-11A2AF47262D}.Debug|x64.Build.0 = Debug|x64
		{89360EAF-5A98-44A9-9549-11A2AF47262D}.Debug|x64.Deploy.0 = Debug|x64
		{89360EAF-5A98-44A9-9549-11A2AF47262D}.Debug|x86.ActiveCfg = Debug|x86
		{89360EAF-5A98-44A9-9549-11A2AF47262D}.Debug|x86.Build.0 = Debug|x86
		{89360EAF-5A98-44A9-9549-11A2AF47262D}.Debug|x86.Deploy.0 = Debug|x86
		{89360EAF-5A98-44A9-9549-11A2AF47262D}.Release|Any CPU.ActiveCfg = Release|x86
		{89360EAF-5A98-44A9-9549-11A2AF47262D}.Release|ARM.ActiveCfg = Release|ARM
		{89360EAF-5A98-44A9-9549-11A2AF47262D}.Release|ARM.Build.0 = Release|ARM
		{89360EAF-5A98-44A9-9549-11A2AF47262D}.Release|ARM.Deploy.0 = Release|ARM
		{89360EAF-5A98-44A9-9549-11A2AF47262D}.Release|iPhone.ActiveCfg = Release|x86
		{89360EAF-5A98-44A9-9549-11A2AF47262D}.Release|iPhoneSimulator.ActiveCfg = Release|x86
		{89360EAF-5A98-44A9-9549-11A2AF47262D}.Release|x64.ActiveCfg = Release|x64
		{89360EAF-5A98-44A9-9549-11A2AF47262D}.Release|x64.Build.0 = Release|x64
		{89360EAF-5A98-44A9-9549-11A2AF47262D}.Release|x64.Deploy.0 = Release|x64
		{89360EAF-5A98-44A9-9549-11A2AF47262D}.Release|x86.ActiveCfg = Release|x86
		{89360EAF-5A98-44A9-9549-11A2AF47262D}.Release|x86.Build.0 = Release|x86
		{89360EAF-5A98-44A9-9549-11A2AF47262D}.Release|x86.Deploy.0 = Release|x86
		{7CB63AAE-95B0-4826-8AB8-E6722EFF13D7}.Ad-Hoc|Any CPU.ActiveCfg = Ad-Hoc|iPhone
		{7CB63AAE-95B0-4826-8AB8-E6722EFF13D7}.Ad-Hoc|ARM.ActiveCfg = Ad-Hoc|iPhone
		{7CB63AAE-95B0-4826-8AB8-E6722EFF13D7}.Ad-Hoc|iPhone.ActiveCfg = Ad-Hoc|iPhone
		{7CB63AAE-95B0-4826-8AB8-E6722EFF13D7}.Ad-Hoc|iPhone.Build.0 = Ad-Hoc|iPhone
		{7CB63AAE-95B0-4826-8AB8-E6722EFF13D7}.Ad-Hoc|iPhoneSimulator.ActiveCfg = Ad-Hoc|iPhoneSimulator
		{7CB63AAE-95B0-4826-8AB8-E6722EFF13D7}.Ad-Hoc|iPhoneSimulator.Build.0 = Ad-Hoc|iPhoneSimulator
		{7CB63AAE-95B0-4826-8AB8-E6722EFF13D7}.Ad-Hoc|x64.ActiveCfg = Ad-Hoc|iPhone
		{7CB63AAE-95B0-4826-8AB8-E6722EFF13D7}.Ad-Hoc|x86.ActiveCfg = Ad-Hoc|iPhone
		{7CB63AAE-95B0-4826-8AB8-E6722EFF13D7}.AppStore|Any CPU.ActiveCfg = AppStore|iPhone
		{7CB63AAE-95B0-4826-8AB8-E6722EFF13D7}.AppStore|ARM.ActiveCfg = AppStore|iPhone
		{7CB63AAE-95B0-4826-8AB8-E6722EFF13D7}.AppStore|iPhone.ActiveCfg = AppStore|iPhone
		{7CB63AAE-95B0-4826-8AB8-E6722EFF13D7}.AppStore|iPhone.Build.0 = AppStore|iPhone
		{7CB63AAE-95B0-4826-8AB8-E6722EFF13D7}.AppStore|iPhoneSimulator.ActiveCfg = AppStore|iPhoneSimulator
		{7CB63AAE-95B0-4826-8AB8-E6722EFF13D7}.AppStore|iPhoneSimulator.Build.0 = AppStore|iPhoneSimulator
		{7CB63AAE-95B0-4826-8AB8-E6722EFF13D7}.AppStore|x64.ActiveCfg = AppStore|iPhone
		{7CB63AAE-95B0-4826-8AB8-E6722EFF13D7}.AppStore|x86.ActiveCfg = AppStore|iPhone
		{7CB63AAE-95B0-4826-8AB8-E6722EFF13D7}.Debug|Any CPU.ActiveCfg = Debug|iPhone
		{7CB63AAE-95B0-4826-8AB8-E6722EFF13D7}.Debug|ARM.ActiveCfg = Debug|iPhone
		{7CB63AAE-95B0-4826-8AB8-E6722EFF13D7}.Debug|iPhone.ActiveCfg = Debug|iPhone
		{7CB63AAE-95B0-4826-8AB8-E6722EFF13D7}.Debug|iPhone.Build.0 = Debug|iPhone
		{7CB63AAE-95B0-4826-8AB8-E6722EFF13D7}.Debug|iPhoneSimulator.ActiveCfg = Debug|iPhoneSimulator
		{7CB63AAE-95B0-4826-8AB8-E6722EFF13D7}.Debug|iPhoneSimulator.Build.0 = Debug|iPhoneSimulator
		{7CB63AAE-95B0-4826-8AB8-E6722EFF13D7}.Debug|x64.ActiveCfg = Debug|iPhone
		{7CB63AAE-95B0-4826-8AB8-E6722EFF13D7}.Debug|x86.ActiveCfg = Debug|iPhone
		{7CB63AAE-95B0-4826-8AB8-E6722EFF13D7}.Release|Any CPU.ActiveCfg = Release|iPhone
		{7CB63AAE-95B0-4826-8AB8-E6722EFF13D7}.Release|ARM.ActiveCfg = Release|iPhone
		{7CB63AAE-95B0-4826-8AB8-E6722EFF13D7}.Release|iPhone.ActiveCfg = Release|iPhone
		{7CB63AAE-95B0-4826-8AB8-E6722EFF13D7}.Release|iPhone.Build.0 = Release|iPhone
		{7CB63AAE-95B0-4826-8AB8-E6722EFF13D7}.Release|iPhoneSimulator.ActiveCfg = Release|iPhoneSimulator
		{7CB63AAE-95B0-4826-8AB8-E6722EFF13D7}.Release|iPhoneSimulator.Build.0 = Release|iPhoneSimulator
		{7CB63AAE-95B0-4826-8AB8-E6722EFF13D7}.Release|x64.ActiveCfg = Release|iPhone
		{7CB63AAE-95B0-4826-8AB8-E6722EFF13D7}.Release|x86.ActiveCfg = Release|iPhone
	EndGlobalSection
	GlobalSection(SolutionProperties) = preSolution
		HideSolutionNode = FALSE
	EndGlobalSection
EndGlobal
